
Microsoft Visual Studio Solution File, Format Version 12.00
# Visual Studio Version 16
VisualStudioVersion = 16.0.31205.134
MinimumVisualStudioVersion = 10.0.40219.1
Project("{FAE04EC0-301F-11D3-BF4B-00C04F79EFBC}") = "ExcelWorkerService", "ExcelWorkerService.csproj", "{062929DB-100A-44CB-A451-BE77231F41D0}"
EndProject
Global
	GlobalSection(SolutionConfigurationPlatforms) = preSolution
		Debug|Any CPU = Debug|Any CPU
		Release|Any CPU = Release|Any CPU
	EndGlobalSection
	GlobalSection(ProjectConfigurationPlatforms) = postSolution
		{062929DB-100A-44CB-A451-BE77231F41D0}.Debug|Any CPU.ActiveCfg = Debug|Any CPU
		{062929DB-100A-44CB-A451-BE77231F41D0}.Debug|Any CPU.Build.0 = Debug|Any CPU
		{062929DB-100A-44CB-A451-BE77231F41D0}.Release|Any CPU.ActiveCfg = Release|Any CPU
		{062929DB-100A-44CB-A451-BE77231F41D0}.Release|Any CPU.Build.0 = Release|Any CPU
	EndGlobalSection
	GlobalSection(SolutionProperties) = preSolution
		HideSolutionNode = FALSE
	EndGlobalSection
	GlobalSection(ExtensibilityGlobals) = postSolution
		SolutionGuid = {322FC33B-0FCC-4A0B-8ABE-39C979345B36}
	EndGlobalSection
EndGlobal
